
Microsoft Visual Studio Solution File, Format Version 12.00
# Visual Studio 15
VisualStudioVersion = 15.0.27703.2035
MinimumVisualStudioVersion = 10.0.40219.1
Project("{FAE04EC0-301F-11D3-BF4B-00C04F79EFBC}") = "Api", "Api\Api.csproj", "{27060E16-6047-43F3-B7CB-4C33AE80D987}"
EndProject
Project("{FAE04EC0-301F-11D3-BF4B-00C04F79EFBC}") = "Api.IntegrationTests", "Api.IntegrationTests\Api.IntegrationTests.csproj", "{EE2FE788-F1B0-4D3D-9717-4D6C722010EC}"
EndProject
Global
	GlobalSection(SolutionConfigurationPlatforms) = preSolution
		Debug|Any CPU = Debug|Any CPU
		Release|Any CPU = Release|Any CPU
	EndGlobalSection
	GlobalSection(ProjectConfigurationPlatforms) = postSolution
		{27060E16-6047-43F3-B7CB-4C33AE80D987}.Debug|Any CPU.ActiveCfg = Debug|Any CPU
		{27060E16-6047-43F3-B7CB-4C33AE80D987}.Debug|Any CPU.Build.0 = Debug|Any CPU
		{27060E16-6047-43F3-B7CB-4C33AE80D987}.Release|Any CPU.ActiveCfg = Release|Any CPU
		{27060E16-6047-43F3-B7CB-4C33AE80D987}.Release|Any CPU.Build.0 = Release|Any CPU
		{EE2FE788-F1B0-4D3D-9717-4D6C722010EC}.Debug|Any CPU.ActiveCfg = Debug|Any CPU
		{EE2FE788-F1B0-4D3D-9717-4D6C722010EC}.Debug|Any CPU.Build.0 = Debug|Any CPU
		{EE2FE788-F1B0-4D3D-9717-4D6C722010EC}.Release|Any CPU.ActiveCfg = Release|Any CPU
		{EE2FE788-F1B0-4D3D-9717-4D6C722010EC}.Release|Any CPU.Build.0 = Release|Any CPU
	EndGlobalSection
	GlobalSection(SolutionProperties) = preSolution
		HideSolutionNode = FALSE
	EndGlobalSection
	GlobalSection(ExtensibilityGlobals) = postSolution
		SolutionGuid = {79C0BCEC-E9CF-4659-B07F-39232C1FF2C1}
	EndGlobalSection
EndGlobal
